// !$*UTF8*$!
{
	archiveVersion = 1;
	classes = {
	};
	objectVersion = 56;
	objects = {

/* Begin PBXBuildFile section */
		194D573D28F0EDFF00DCD0ED /* ReadMeApp.swift in Sources */ = {isa = PBXBuildFile; fileRef = 194D573C28F0EDFF00DCD0ED /* ReadMeApp.swift */; };
		194D573F28F0EDFF00DCD0ED /* ContentView.swift in Sources */ = {isa = PBXBuildFile; fileRef = 194D573E28F0EDFF00DCD0ED /* ContentView.swift */; };
		194D574128F0EE0100DCD0ED /* Assets.xcassets in Resources */ = {isa = PBXBuildFile; fileRef = 194D574028F0EE0100DCD0ED /* Assets.xcassets */; };
		194D574428F0EE0100DCD0ED /* Preview Assets.xcassets in Resources */ = {isa = PBXBuildFile; fileRef = 194D574328F0EE0100DCD0ED /* Preview Assets.xcassets */; };
		194D574B28F0F06200DCD0ED /* Book.swift in Sources */ = {isa = PBXBuildFile; fileRef = 194D574A28F0F06200DCD0ED /* Book.swift */; };
		194D575028F0F17900DCD0ED /* BookViews.swift in Sources */ = {isa = PBXBuildFile; fileRef = 194D574F28F0F17900DCD0ED /* BookViews.swift */; };
		194D575228F1E4D100DCD0ED /* Library.swift in Sources */ = {isa = PBXBuildFile; fileRef = 194D575128F1E4D100DCD0ED /* Library.swift */; };
		194D575428F1E7B800DCD0ED /* DetailView.swift in Sources */ = {isa = PBXBuildFile; fileRef = 194D575328F1E7B800DCD0ED /* DetailView.swift */; };
		194D575628F2C58B00DCD0ED /* PHPickerViewController.View.swift in Sources */ = {isa = PBXBuildFile; fileRef = 194D575528F2C58B00DCD0ED /* PHPickerViewController.View.swift */; };
		194D575828F39A4100DCD0ED /* NewBookView.swift in Sources */ = {isa = PBXBuildFile; fileRef = 194D575728F39A4100DCD0ED /* NewBookView.swift */; };
		197148EA28F43F8E002FBDB0 /* ReviewAndImageStack.swift in Sources */ = {isa = PBXBuildFile; fileRef = 197148E928F43F8E002FBDB0 /* ReviewAndImageStack.swift */; };
/* End PBXBuildFile section */

/* Begin PBXFileReference section */
		194D573928F0EDFF00DCD0ED /* ReadMe.app */ = {isa = PBXFileReference; explicitFileType = wrapper.application; includeInIndex = 0; path = ReadMe.app; sourceTree = BUILT_PRODUCTS_DIR; };
		194D573C28F0EDFF00DCD0ED /* ReadMeApp.swift */ = {isa = PBXFileReference; lastKnownFileType = sourcecode.swift; path = ReadMeApp.swift; sourceTree = "<group>"; };
		194D573E28F0EDFF00DCD0ED /* ContentView.swift */ = {isa = PBXFileReference; lastKnownFileType = sourcecode.swift; path = ContentView.swift; sourceTree = "<group>"; };
		194D574028F0EE0100DCD0ED /* Assets.xcassets */ = {isa = PBXFileReference; lastKnownFileType = folder.assetcatalog; path = Assets.xcassets; sourceTree = "<group>"; };
		194D574328F0EE0100DCD0ED /* Preview Assets.xcassets */ = {isa = PBXFileReference; lastKnownFileType = folder.assetcatalog; path = "Preview Assets.xcassets"; sourceTree = "<group>"; };
		194D574A28F0F06200DCD0ED /* Book.swift */ = {isa = PBXFileReference; lastKnownFileType = sourcecode.swift; path = Book.swift; sourceTree = "<group>"; };
		194D574F28F0F17900DCD0ED /* BookViews.swift */ = {isa = PBXFileReference; lastKnownFileType = sourcecode.swift; path = BookViews.swift; sourceTree = "<group>"; };
		194D575128F1E4D100DCD0ED /* Library.swift */ = {isa = PBXFileReference; fileEncoding = 4; lastKnownFileType = sourcecode.swift; path = Library.swift; sourceTree = "<group>"; };
		194D575328F1E7B800DCD0ED /* DetailView.swift */ = {isa = PBXFileReference; lastKnownFileType = sourcecode.swift; path = DetailView.swift; sourceTree = "<group>"; };
		194D575528F2C58B00DCD0ED /* PHPickerViewController.View.swift */ = {isa = PBXFileReference; fileEncoding = 4; lastKnownFileType = sourcecode.swift; path = PHPickerViewController.View.swift; sourceTree = "<group>"; };
		194D575728F39A4100DCD0ED /* NewBookView.swift */ = {isa = PBXFileReference; lastKnownFileType = sourcecode.swift; path = NewBookView.swift; sourceTree = "<group>"; };
		197148E928F43F8E002FBDB0 /* ReviewAndImageStack.swift */ = {isa = PBXFileReference; lastKnownFileType = sourcecode.swift; path = ReviewAndImageStack.swift; sourceTree = "<group>"; };
/* End PBXFileReference section */

/* Begin PBXFrameworksBuildPhase section */
		194D573628F0EDFF00DCD0ED /* Frameworks */ = {
			isa = PBXFrameworksBuildPhase;
			buildActionMask = 2147483647;
			files = (
			);
			runOnlyForDeploymentPostprocessing = 0;
		};
/* End PBXFrameworksBuildPhase section */

/* Begin PBXGroup section */
		194D573028F0EDFF00DCD0ED = {
			isa = PBXGroup;
			children = (
				194D573B28F0EDFF00DCD0ED /* ReadMe */,
				194D573A28F0EDFF00DCD0ED /* Products */,
			);
			sourceTree = "<group>";
		};
		194D573A28F0EDFF00DCD0ED /* Products */ = {
			isa = PBXGroup;
			children = (
				194D573928F0EDFF00DCD0ED /* ReadMe.app */,
			);
			name = Products;
			sourceTree = "<group>";
		};
		194D573B28F0EDFF00DCD0ED /* ReadMe */ = {
			isa = PBXGroup;
			children = (
				194D574C28F0F13200DCD0ED /* Views */,
				194D573C28F0EDFF00DCD0ED /* ReadMeApp.swift */,
				194D574A28F0F06200DCD0ED /* Book.swift */,
				194D575128F1E4D100DCD0ED /* Library.swift */,
				194D574028F0EE0100DCD0ED /* Assets.xcassets */,
				194D574228F0EE0100DCD0ED /* Preview Content */,
			);
			path = ReadMe;
			sourceTree = "<group>";
		};
		194D574228F0EE0100DCD0ED /* Preview Content */ = {
			isa = PBXGroup;
			children = (
				194D574328F0EE0100DCD0ED /* Preview Assets.xcassets */,
			);
			path = "Preview Content";
			sourceTree = "<group>";
		};
		194D574C28F0F13200DCD0ED /* Views */ = {
			isa = PBXGroup;
			children = (
				194D573E28F0EDFF00DCD0ED /* ContentView.swift */,
				194D574F28F0F17900DCD0ED /* BookViews.swift */,
				194D575328F1E7B800DCD0ED /* DetailView.swift */,
				194D575528F2C58B00DCD0ED /* PHPickerViewController.View.swift */,
				194D575728F39A4100DCD0ED /* NewBookView.swift */,
				197148E928F43F8E002FBDB0 /* ReviewAndImageStack.swift */,
			);
			path = Views;
			sourceTree = "<group>";
		};
/* End PBXGroup section */

/* Begin PBXNativeTarget section */
		194D573828F0EDFF00DCD0ED /* ReadMe */ = {
			isa = PBXNativeTarget;
			buildConfigurationList = 194D574728F0EE0100DCD0ED /* Build configuration list for PBXNativeTarget "ReadMe" */;
			buildPhases = (
				194D573528F0EDFF00DCD0ED /* Sources */,
				194D573628F0EDFF00DCD0ED /* Frameworks */,
				194D573728F0EDFF00DCD0ED /* Resources */,
			);
			buildRules = (
			);
			dependencies = (
			);
			name = ReadMe;
			productName = ReadMe;
			productReference = 194D573928F0EDFF00DCD0ED /* ReadMe.app */;
			productType = "com.apple.product-type.application";
		};
/* End PBXNativeTarget section */

/* Begin PBXProject section */
		194D573128F0EDFF00DCD0ED /* Project object */ = {
			isa = PBXProject;
			attributes = {
				BuildIndependentTargetsInParallel = 1;
				LastSwiftUpdateCheck = 1400;
				LastUpgradeCheck = 1400;
				TargetAttributes = {
					194D573828F0EDFF00DCD0ED = {
						CreatedOnToolsVersion = 14.0.1;
					};
				};
			};
			buildConfigurationList = 194D573428F0EDFF00DCD0ED /* Build configuration list for PBXProject "ReadMe" */;
			compatibilityVersion = "Xcode 14.0";
			developmentRegion = en;
			hasScannedForEncodings = 0;
			knownRegions = (
				en,
				Base,
			);
			mainGroup = 194D573028F0EDFF00DCD0ED;
			productRefGroup = 194D573A28F0EDFF00DCD0ED /* Products */;
			projectDirPath = "";
			projectRoot = "";
			targets = (
				194D573828F0EDFF00DCD0ED /* ReadMe */,
			);
		};
/* End PBXProject section */

/* Begin PBXResourcesBuildPhase section */
		194D573728F0EDFF00DCD0ED /* Resources */ = {
			isa = PBXResourcesBuildPhase;
			buildActionMask = 2147483647;
			files = (
				194D574428F0EE0100DCD0ED /* Preview Assets.xcassets in Resources */,
				194D574128F0EE0100DCD0ED /* Assets.xcassets in Resources */,
			);
			runOnlyForDeploymentPostprocessing = 0;
		};
/* End PBXResourcesBuildPhase section */

/* Begin PBXSourcesBuildPhase section */
		194D573528F0EDFF00DCD0ED /* Sources */ = {
			isa = PBXSourcesBuildPhase;
			buildActionMask = 2147483647;
			files = (
				194D573F28F0EDFF00DCD0ED /* ContentView.swift in Sources */,
				194D575428F1E7B800DCD0ED /* DetailView.swift in Sources */,
				194D573D28F0EDFF00DCD0ED /* ReadMeApp.swift in Sources */,
				194D575228F1E4D100DCD0ED /* Library.swift in Sources */,
				194D575828F39A4100DCD0ED /* NewBookView.swift in Sources */,
				194D575628F2C58B00DCD0ED /* PHPickerViewController.View.swift in Sources */,
				194D574B28F0F06200DCD0ED /* Book.swift in Sources */,
				197148EA28F43F8E002FBDB0 /* ReviewAndImageStack.swift in Sources */,
				194D575028F0F17900DCD0ED /* BookViews.swift in Sources */,
			);
			runOnlyForDeploymentPostprocessing = 0;
		};
/* End PBXSourcesBuildPhase section */

/* Begin XCBuildConfiguration section */
		194D574528F0EE0100DCD0ED /* Debug */ = {
			isa = XCBuildConfiguration;
			buildSettings = {
				ALWAYS_SEARCH_USER_PATHS = NO;
				CLANG_ANALYZER_NONNULL = YES;
				CLANG_ANALYZER_NUMBER_OBJECT_CONVERSION = YES_AGGRESSIVE;
				CLANG_CXX_LANGUAGE_STANDARD = "gnu++20";
				CLANG_ENABLE_MODULES = YES;
				CLANG_ENABLE_OBJC_ARC = YES;
				CLANG_ENABLE_OBJC_WEAK = YES;
				CLANG_WARN_BLOCK_CAPTURE_AUTORELEASING = YES;
				CLANG_WARN_BOOL_CONVERSION = YES;
				CLANG_WARN_COMMA = YES;
				CLANG_WARN_CONSTANT_CONVERSION = YES;
				CLANG_WARN_DEPRECATED_OBJC_IMPLEMENTATIONS = YES;
				CLANG_WARN_DIRECT_OBJC_ISA_USAGE = YES_ERROR;
				CLANG_WARN_DOCUMENTATION_COMMENTS = YES;
				CLANG_WARN_EMPTY_BODY = YES;
				CLANG_WARN_ENUM_CONVERSION = YES;
				CLANG_WARN_INFINITE_RECURSION = YES;
				CLANG_WARN_INT_CONVERSION = YES;
				CLANG_WARN_NON_LITERAL_NULL_CONVERSION = YES;
				CLANG_WARN_OBJC_IMPLICIT_RETAIN_SELF = YES;
				CLANG_WARN_OBJC_LITERAL_CONVERSION = YES;
				CLANG_WARN_OBJC_ROOT_CLASS = YES_ERROR;
				CLANG_WARN_QUOTED_INCLUDE_IN_FRAMEWORK_HEADER = YES;
				CLANG_WARN_RANGE_LOOP_ANALYSIS = YES;
				CLANG_WARN_STRICT_PROTOTYPES = YES;
				CLANG_WARN_SUSPICIOUS_MOVE = YES;
				CLANG_WARN_UNGUARDED_AVAILABILITY = YES_AGGRESSIVE;
				CLANG_WARN_UNREACHABLE_CODE = YES;
				CLANG_WARN__DUPLICATE_METHOD_MATCH = YES;
				COPY_PHASE_STRIP = NO;
				DEBUG_INFORMATION_FORMAT = dwarf;
				ENABLE_STRICT_OBJC_MSGSEND = YES;
				ENABLE_TESTABILITY = YES;
				GCC_C_LANGUAGE_STANDARD = gnu11;
				GCC_DYNAMIC_NO_PIC = NO;
				GCC_NO_COMMON_BLOCKS = YES;
				GCC_OPTIMIZATION_LEVEL = 0;
				GCC_PREPROCESSOR_DEFINITIONS = (
					"DEBUG=1",
					"$(inherited)",
				);
				GCC_WARN_64_TO_32_BIT_CONVERSION = YES;
				GCC_WARN_ABOUT_RETURN_TYPE = YES_ERROR;
				GCC_WARN_UNDECLARED_SELECTOR = YES;
				GCC_WARN_UNINITIALIZED_AUTOS = YES_AGGRESSIVE;
				GCC_WARN_UNUSED_FUNCTION = YES;
				GCC_WARN_UNUSED_VARIABLE = YES;
				IPHONEOS_DEPLOYMENT_TARGET = 16.0;
				MTL_ENABLE_DEBUG_INFO = INCLUDE_SOURCE;
				MTL_FAST_MATH = YES;
				ONLY_ACTIVE_ARCH = YES;
				SDKROOT = iphoneos;
				SWIFT_ACTIVE_COMPILATION_CONDITIONS = DEBUG;
				SWIFT_OPTIMIZATION_LEVEL = "-Onone";
			};
			name = Debug;
		};
		194D574628F0EE0100DCD0ED /* Release */ = {
			isa = XCBuildConfiguration;
			buildSettings = {
				ALWAYS_SEARCH_USER_PATHS = NO;
				CLANG_ANALYZER_NONNULL = YES;
				CLANG_ANALYZER_NUMBER_OBJECT_CONVERSION = YES_AGGRESSIVE;
				CLANG_CXX_LANGUAGE_STANDARD = "gnu++20";
				CLANG_ENABLE_MODULES = YES;
				CLANG_ENABLE_OBJC_ARC = YES;
				CLANG_ENABLE_OBJC_WEAK = YES;
				CLANG_WARN_BLOCK_CAPTURE_AUTORELEASING = YES;
				CLANG_WARN_BOOL_CONVERSION = YES;
				CLANG_WARN_COMMA = YES;
				CLANG_WARN_CONSTANT_CONVERSION = YES;
				CLANG_WARN_DEPRECATED_OBJC_IMPLEMENTATIONS = YES;
				CLANG_WARN_DIRECT_OBJC_ISA_USAGE = YES_ERROR;
				CLANG_WARN_DOCUMENTATION_COMMENTS = YES;
				CLANG_WARN_EMPTY_BODY = YES;
				CLANG_WARN_ENUM_CONVERSION = YES;
				CLANG_WARN_INFINITE_RECURSION = YES;
				CLANG_WARN_INT_CONVERSION = YES;
				CLANG_WARN_NON_LITERAL_NULL_CONVERSION = YES;
				CLANG_WARN_OBJC_IMPLICIT_RETAIN_SELF = YES;
				CLANG_WARN_OBJC_LITERAL_CONVERSION = YES;
				CLANG_WARN_OBJC_ROOT_CLASS = YES_ERROR;
				CLANG_WARN_QUOTED_INCLUDE_IN_FRAMEWORK_HEADER = YES;
				CLANG_WARN_RANGE_LOOP_ANALYSIS = YES;
				CLANG_WARN_STRICT_PROTOTYPES = YES;
				CLANG_WARN_SUSPICIOUS_MOVE = YES;
				CLANG_WARN_UNGUARDED_AVAILABILITY = YES_AGGRESSIVE;
				CLANG_WARN_UNREACHABLE_CODE = YES;
				CLANG_WARN__DUPLICATE_METHOD_MATCH = YES;
				COPY_PHASE_STRIP = NO;
				DEBUG_INFORMATION_FORMAT = "dwarf-with-dsym";
				ENABLE_NS_ASSERTIONS = NO;
				ENABLE_STRICT_OBJC_MSGSEND = YES;
				GCC_C_LANGUAGE_STANDARD = gnu11;
				GCC_NO_COMMON_BLOCKS = YES;
				GCC_WARN_64_TO_32_BIT_CONVERSION = YES;
				GCC_WARN_ABOUT_RETURN_TYPE = YES_ERROR;
				GCC_WARN_UNDECLARED_SELECTOR = YES;
				GCC_WARN_UNINITIALIZED_AUTOS = YES_AGGRESSIVE;
				GCC_WARN_UNUSED_FUNCTION = YES;
				GCC_WARN_UNUSED_VARIABLE = YES;
				IPHONEOS_DEPLOYMENT_TARGET = 16.0;
				MTL_ENABLE_DEBUG_INFO = NO;
				MTL_FAST_MATH = YES;
				SDKROOT = iphoneos;
				SWIFT_COMPILATION_MODE = wholemodule;
				SWIFT_OPTIMIZATION_LEVEL = "-O";
				VALIDATE_PRODUCT = YES;
			};
			name = Release;
		};
		194D574828F0EE0100DCD0ED /* Debug */ = {
			isa = XCBuildConfiguration;
			buildSettings = {
				ASSETCATALOG_COMPILER_APPICON_NAME = AppIcon;
				ASSETCATALOG_COMPILER_GLOBAL_ACCENT_COLOR_NAME = AccentColor;
				CODE_SIGN_STYLE = Automatic;
				CURRENT_PROJECT_VERSION = 1;
				DEVELOPMENT_ASSET_PATHS = "\"ReadMe/Preview Content\"";
				DEVELOPMENT_TEAM = QFN5YW7YAB;
				ENABLE_PREVIEWS = YES;
				GENERATE_INFOPLIST_FILE = YES;
				INFOPLIST_KEY_UIApplicationSceneManifest_Generation = YES;
				INFOPLIST_KEY_UIApplicationSupportsIndirectInputEvents = YES;
				INFOPLIST_KEY_UILaunchScreen_Generation = YES;
				INFOPLIST_KEY_UISupportedInterfaceOrientations_iPad = "UIInterfaceOrientationPortrait UIInterfaceOrientationPortraitUpsideDown UIInterfaceOrientationLandscapeLeft UIInterfaceOrientationLandscapeRight";
				INFOPLIST_KEY_UISupportedInterfaceOrientations_iPhone = "UIInterfaceOrientationPortrait UIInterfaceOrientationLandscapeLeft UIInterfaceOrientationLandscapeRight";
				LD_RUNPATH_SEARCH_PATHS = (
					"$(inherited)",
					"@executable_path/Frameworks",
				);
				MARKETING_VERSION = 1.0;
				PRODUCT_BUNDLE_IDENTIFIER = com.suppasit.ReadMe;
				PRODUCT_NAME = "$(TARGET_NAME)";
				SWIFT_EMIT_LOC_STRINGS = YES;
				SWIFT_VERSION = 5.0;
				TARGETED_DEVICE_FAMILY = "1,2";
			};
			name = Debug;
		};
		194D574928F0EE0100DCD0ED /* Release */ = {
			isa = XCBuildConfiguration;
			buildSettings = {
				ASSETCATALOG_COMPILER_APPICON_NAME = AppIcon;
				ASSETCATALOG_COMPILER_GLOBAL_ACCENT_COLOR_NAME = AccentColor;
				CODE_SIGN_STYLE = Automatic;
				CURRENT_PROJECT_VERSION = 1;
				DEVELOPMENT_ASSET_PATHS = "\"ReadMe/Preview Content\"";
				DEVELOPMENT_TEAM = QFN5YW7YAB;
				ENABLE_PREVIEWS = YES;
				GENERATE_INFOPLIST_FILE = YES;
				INFOPLIST_KEY_UIApplicationSceneManifest_Generation = YES;
				INFOPLIST_KEY_UIApplicationSupportsIndirectInputEvents = YES;
				INFOPLIST_KEY_UILaunchScreen_Generation = YES;
				INFOPLIST_KEY_UISupportedInterfaceOrientations_iPad = "UIInterfaceOrientationPortrait UIInterfaceOrientationPortraitUpsideDown UIInterfaceOrientationLandscapeLeft UIInterfaceOrientationLandscapeRight";
				INFOPLIST_KEY_UISupportedInterfaceOrientations_iPhone = "UIInterfaceOrientationPortrait UIInterfaceOrientationLandscapeLeft UIInterfaceOrientationLandscapeRight";
				LD_RUNPATH_SEARCH_PATHS = (
					"$(inherited)",
					"@executable_path/Frameworks",
				);
				MARKETING_VERSION = 1.0;
				PRODUCT_BUNDLE_IDENTIFIER = com.suppasit.ReadMe;
				PRODUCT_NAME = "$(TARGET_NAME)";
				SWIFT_EMIT_LOC_STRINGS = YES;
				SWIFT_VERSION = 5.0;
				TARGETED_DEVICE_FAMILY = "1,2";
			};
			name = Release;
		};
/* End XCBuildConfiguration section */

/* Begin XCConfigurationList section */
		194D573428F0EDFF00DCD0ED /* Build configuration list for PBXProject "ReadMe" */ = {
			isa = XCConfigurationList;
			buildConfigurations = (
				194D574528F0EE0100DCD0ED /* Debug */,
				194D574628F0EE0100DCD0ED /* Release */,
			);
			defaultConfigurationIsVisible = 0;
			defaultConfigurationName = Release;
		};
		194D574728F0EE0100DCD0ED /* Build configuration list for PBXNativeTarget "ReadMe" */ = {
			isa = XCConfigurationList;
			buildConfigurations = (
				194D574828F0EE0100DCD0ED /* Debug */,
				194D574928F0EE0100DCD0ED /* Release */,
			);
			defaultConfigurationIsVisible = 0;
			defaultConfigurationName = Release;
		};
/* End XCConfigurationList section */
	};
	rootObject = 194D573128F0EDFF00DCD0ED /* Project object */;
}
